
Microsoft Visual Studio Solution File, Format Version 12.00
# Visual Studio Version 17
VisualStudioVersion = 17.14.36429.23 d17.14
MinimumVisualStudioVersion = 10.0.40219.1
Project("{FAE04EC0-301F-11D3-BF4B-00C04F79EFBC}") = "LeaderboardValidator", "LeaderboardValidator.csproj", "{E797ECDB-5761-4766-9084-6DE661AFE385}"
EndProject
Global
	GlobalSection(SolutionConfigurationPlatforms) = preSolution
		Debug|Any CPU = Debug|Any CPU
		Release|Any CPU = Release|Any CPU
	EndGlobalSection
	GlobalSection(ProjectConfigurationPlatforms) = postSolution
		{E797ECDB-5761-4766-9084-6DE661AFE385}.Debug|Any CPU.ActiveCfg = Debug|Any CPU
		{E797ECDB-5761-4766-9084-6DE661AFE385}.Debug|Any CPU.Build.0 = Debug|Any CPU
		{E797ECDB-5761-4766-9084-6DE661AFE385}.Release|Any CPU.ActiveCfg = Release|Any CPU
		{E797ECDB-5761-4766-9084-6DE661AFE385}.Release|Any CPU.Build.0 = Release|Any CPU
	EndGlobalSection
	GlobalSection(SolutionProperties) = preSolution
		HideSolutionNode = FALSE
	EndGlobalSection
	GlobalSection(ExtensibilityGlobals) = postSolution
		SolutionGuid = {1A0A8E9E-DD9D-43B9-A51E-6935B4061F76}
	EndGlobalSection
EndGlobal
